// !$*UTF8*$!
{
	archiveVersion = 1;
	classes = {
	};
	objectVersion = 50;
	objects = {

/* Begin PBXBuildFile section */
		5512673D2D08ECF0A9CCA7F9 /* Pods_CodeTestRobertoHernandez.framework in Frameworks */ = {isa = PBXBuildFile; fileRef = F84FB1A98AB0698F1A71CDDE /* Pods_CodeTestRobertoHernandez.framework */; };
		570D4FFE21CC63A4002E12A1 /* ContactInfoController.swift in Sources */ = {isa = PBXBuildFile; fileRef = 570D4FFD21CC63A4002E12A1 /* ContactInfoController.swift */; };
		57400D9D21CCCF0A004D77F6 /* Address.swift in Sources */ = {isa = PBXBuildFile; fileRef = 57400D9C21CCCF0A004D77F6 /* Address.swift */; };
		57400D9F21CCD534004D77F6 /* HeaderLabel.swift in Sources */ = {isa = PBXBuildFile; fileRef = 57400D9E21CCD534004D77F6 /* HeaderLabel.swift */; };
		57400DA121CCE588004D77F6 /* ContactInfoCell.swift in Sources */ = {isa = PBXBuildFile; fileRef = 57400DA021CCE588004D77F6 /* ContactInfoCell.swift */; };
		576CA24D21CA324000A64823 /* ContactsCell.swift in Sources */ = {isa = PBXBuildFile; fileRef = 576CA24C21CA324000A64823 /* ContactsCell.swift */; };
		576CA24F21CA3E1200A64823 /* IconImageView.swift in Sources */ = {isa = PBXBuildFile; fileRef = 576CA24E21CA3E1200A64823 /* IconImageView.swift */; };
		576CA25121CA3E7000A64823 /* ContainerView.swift in Sources */ = {isa = PBXBuildFile; fileRef = 576CA25021CA3E7000A64823 /* ContainerView.swift */; };
		57E1608921C9829800DB9E8F /* AppDelegate.swift in Sources */ = {isa = PBXBuildFile; fileRef = 57E1608821C9829800DB9E8F /* AppDelegate.swift */; };
		57E1608B21C9829800DB9E8F /* ContactsController.swift in Sources */ = {isa = PBXBuildFile; fileRef = 57E1608A21C9829800DB9E8F /* ContactsController.swift */; };
		57E1608E21C9829800DB9E8F /* Main.storyboard in Resources */ = {isa = PBXBuildFile; fileRef = 57E1608C21C9829800DB9E8F /* Main.storyboard */; };
		57E1609021C9829A00DB9E8F /* Assets.xcassets in Resources */ = {isa = PBXBuildFile; fileRef = 57E1608F21C9829A00DB9E8F /* Assets.xcassets */; };
		57E1609321C9829A00DB9E8F /* LaunchScreen.storyboard in Resources */ = {isa = PBXBuildFile; fileRef = 57E1609121C9829A00DB9E8F /* LaunchScreen.storyboard */; };
		57E1609B21C984F000DB9E8F /* UIView+Extensions.swift in Sources */ = {isa = PBXBuildFile; fileRef = 57E1609A21C984F000DB9E8F /* UIView+Extensions.swift */; };
		57E1609F21C9932E00DB9E8F /* UINavigationController+Extensions.swift in Sources */ = {isa = PBXBuildFile; fileRef = 57E1609E21C9932E00DB9E8F /* UINavigationController+Extensions.swift */; };
		57E5F0A621CB18AE00CAB8D0 /* AddContactPresenter.swift in Sources */ = {isa = PBXBuildFile; fileRef = 57E5F0A521CB18AE00CAB8D0 /* AddContactPresenter.swift */; };
		57E5F0A821CB2A4600CAB8D0 /* UIAlertController+Extensions.swift in Sources */ = {isa = PBXBuildFile; fileRef = 57E5F0A721CB2A4600CAB8D0 /* UIAlertController+Extensions.swift */; };
		57E5F0AA21CB53FE00CAB8D0 /* Phone.swift in Sources */ = {isa = PBXBuildFile; fileRef = 57E5F0A921CB53FE00CAB8D0 /* Phone.swift */; };
		57E5F0AC21CB547C00CAB8D0 /* Email.swift in Sources */ = {isa = PBXBuildFile; fileRef = 57E5F0AB21CB547C00CAB8D0 /* Email.swift */; };
		57F6E64821CAC63F00F8FD3E /* Contact.swift in Sources */ = {isa = PBXBuildFile; fileRef = 57F6E64721CAC63F00F8FD3E /* Contact.swift */; };
/* End PBXBuildFile section */

/* Begin PBXFileReference section */
		570D4FFD21CC63A4002E12A1 /* ContactInfoController.swift */ = {isa = PBXFileReference; lastKnownFileType = sourcecode.swift; path = ContactInfoController.swift; sourceTree = "<group>"; };
		57400D9C21CCCF0A004D77F6 /* Address.swift */ = {isa = PBXFileReference; lastKnownFileType = sourcecode.swift; path = Address.swift; sourceTree = "<group>"; };
		57400D9E21CCD534004D77F6 /* HeaderLabel.swift */ = {isa = PBXFileReference; lastKnownFileType = sourcecode.swift; path = HeaderLabel.swift; sourceTree = "<group>"; };
		57400DA021CCE588004D77F6 /* ContactInfoCell.swift */ = {isa = PBXFileReference; lastKnownFileType = sourcecode.swift; path = ContactInfoCell.swift; sourceTree = "<group>"; };
		576CA24C21CA324000A64823 /* ContactsCell.swift */ = {isa = PBXFileReference; lastKnownFileType = sourcecode.swift; path = ContactsCell.swift; sourceTree = "<group>"; };
		576CA24E21CA3E1200A64823 /* IconImageView.swift */ = {isa = PBXFileReference; lastKnownFileType = sourcecode.swift; path = IconImageView.swift; sourceTree = "<group>"; };
		576CA25021CA3E7000A64823 /* ContainerView.swift */ = {isa = PBXFileReference; lastKnownFileType = sourcecode.swift; path = ContainerView.swift; sourceTree = "<group>"; };
		57E1608521C9829800DB9E8F /* CodeTestRobertoHernandez.app */ = {isa = PBXFileReference; explicitFileType = wrapper.application; includeInIndex = 0; path = CodeTestRobertoHernandez.app; sourceTree = BUILT_PRODUCTS_DIR; };
		57E1608821C9829800DB9E8F /* AppDelegate.swift */ = {isa = PBXFileReference; lastKnownFileType = sourcecode.swift; path = AppDelegate.swift; sourceTree = "<group>"; };
		57E1608A21C9829800DB9E8F /* ContactsController.swift */ = {isa = PBXFileReference; lastKnownFileType = sourcecode.swift; path = ContactsController.swift; sourceTree = "<group>"; };
		57E1608D21C9829800DB9E8F /* Base */ = {isa = PBXFileReference; lastKnownFileType = file.storyboard; name = Base; path = Base.lproj/Main.storyboard; sourceTree = "<group>"; };
		57E1608F21C9829A00DB9E8F /* Assets.xcassets */ = {isa = PBXFileReference; lastKnownFileType = folder.assetcatalog; path = Assets.xcassets; sourceTree = "<group>"; };
		57E1609221C9829A00DB9E8F /* Base */ = {isa = PBXFileReference; lastKnownFileType = file.storyboard; name = Base; path = Base.lproj/LaunchScreen.storyboard; sourceTree = "<group>"; };
		57E1609421C9829A00DB9E8F /* Info.plist */ = {isa = PBXFileReference; lastKnownFileType = text.plist.xml; path = Info.plist; sourceTree = "<group>"; };
		57E1609A21C984F000DB9E8F /* UIView+Extensions.swift */ = {isa = PBXFileReference; fileEncoding = 4; lastKnownFileType = sourcecode.swift; path = "UIView+Extensions.swift"; sourceTree = "<group>"; };
		57E1609E21C9932E00DB9E8F /* UINavigationController+Extensions.swift */ = {isa = PBXFileReference; lastKnownFileType = sourcecode.swift; path = "UINavigationController+Extensions.swift"; sourceTree = "<group>"; };
		57E5F0A521CB18AE00CAB8D0 /* AddContactPresenter.swift */ = {isa = PBXFileReference; lastKnownFileType = sourcecode.swift; path = AddContactPresenter.swift; sourceTree = "<group>"; };
		57E5F0A721CB2A4600CAB8D0 /* UIAlertController+Extensions.swift */ = {isa = PBXFileReference; lastKnownFileType = sourcecode.swift; path = "UIAlertController+Extensions.swift"; sourceTree = "<group>"; };
		57E5F0A921CB53FE00CAB8D0 /* Phone.swift */ = {isa = PBXFileReference; lastKnownFileType = sourcecode.swift; path = Phone.swift; sourceTree = "<group>"; };
		57E5F0AB21CB547C00CAB8D0 /* Email.swift */ = {isa = PBXFileReference; lastKnownFileType = sourcecode.swift; path = Email.swift; sourceTree = "<group>"; };
		57F6E64721CAC63F00F8FD3E /* Contact.swift */ = {isa = PBXFileReference; lastKnownFileType = sourcecode.swift; path = Contact.swift; sourceTree = "<group>"; };
		9F40F622735506E32104469A /* Pods-CodeTestRobertoHernandez.release.xcconfig */ = {isa = PBXFileReference; includeInIndex = 1; lastKnownFileType = text.xcconfig; name = "Pods-CodeTestRobertoHernandez.release.xcconfig"; path = "Pods/Target Support Files/Pods-CodeTestRobertoHernandez/Pods-CodeTestRobertoHernandez.release.xcconfig"; sourceTree = "<group>"; };
		EE4BC26EA7FAD63978A879EF /* Pods-CodeTestRobertoHernandez.debug.xcconfig */ = {isa = PBXFileReference; includeInIndex = 1; lastKnownFileType = text.xcconfig; name = "Pods-CodeTestRobertoHernandez.debug.xcconfig"; path = "Pods/Target Support Files/Pods-CodeTestRobertoHernandez/Pods-CodeTestRobertoHernandez.debug.xcconfig"; sourceTree = "<group>"; };
		F84FB1A98AB0698F1A71CDDE /* Pods_CodeTestRobertoHernandez.framework */ = {isa = PBXFileReference; explicitFileType = wrapper.framework; includeInIndex = 0; path = Pods_CodeTestRobertoHernandez.framework; sourceTree = BUILT_PRODUCTS_DIR; };
/* End PBXFileReference section */

/* Begin PBXFrameworksBuildPhase section */
		57E1608221C9829800DB9E8F /* Frameworks */ = {
			isa = PBXFrameworksBuildPhase;
			buildActionMask = 2147483647;
			files = (
				5512673D2D08ECF0A9CCA7F9 /* Pods_CodeTestRobertoHernandez.framework in Frameworks */,
			);
			runOnlyForDeploymentPostprocessing = 0;
		};
/* End PBXFrameworksBuildPhase section */

/* Begin PBXGroup section */
		576CA25221CA421800A64823 /* Views */ = {
			isa = PBXGroup;
			children = (
				576CA24C21CA324000A64823 /* ContactsCell.swift */,
				57400DA021CCE588004D77F6 /* ContactInfoCell.swift */,
				576CA24E21CA3E1200A64823 /* IconImageView.swift */,
				576CA25021CA3E7000A64823 /* ContainerView.swift */,
				57E5F0A521CB18AE00CAB8D0 /* AddContactPresenter.swift */,
				57400D9E21CCD534004D77F6 /* HeaderLabel.swift */,
			);
			path = Views;
			sourceTree = "<group>";
		};
		57E1607C21C9829800DB9E8F = {
			isa = PBXGroup;
			children = (
				57E1608721C9829800DB9E8F /* CodeTestRobertoHernandez */,
				57E1608621C9829800DB9E8F /* Products */,
				DD9FE7AE37FE50E259C578A5 /* Pods */,
				5FCB9067EE219FEFD0063612 /* Frameworks */,
			);
			sourceTree = "<group>";
		};
		57E1608621C9829800DB9E8F /* Products */ = {
			isa = PBXGroup;
			children = (
				57E1608521C9829800DB9E8F /* CodeTestRobertoHernandez.app */,
			);
			name = Products;
			sourceTree = "<group>";
		};
		57E1608721C9829800DB9E8F /* CodeTestRobertoHernandez */ = {
			isa = PBXGroup;
			children = (
				57E1608821C9829800DB9E8F /* AppDelegate.swift */,
				57F6E64621CAC62A00F8FD3E /* Model */,
				576CA25221CA421800A64823 /* Views */,
				57F6E64921CAC74D00F8FD3E /* Controllers */,
				57E160A021C998F000DB9E8F /* Extensions */,
				57E1608C21C9829800DB9E8F /* Main.storyboard */,
				57E1608F21C9829A00DB9E8F /* Assets.xcassets */,
				57E1609121C9829A00DB9E8F /* LaunchScreen.storyboard */,
				57E1609421C9829A00DB9E8F /* Info.plist */,
			);
			path = CodeTestRobertoHernandez;
			sourceTree = "<group>";
		};
		57E160A021C998F000DB9E8F /* Extensions */ = {
			isa = PBXGroup;
			children = (
				57E1609A21C984F000DB9E8F /* UIView+Extensions.swift */,
				57E1609E21C9932E00DB9E8F /* UINavigationController+Extensions.swift */,
				57E5F0A721CB2A4600CAB8D0 /* UIAlertController+Extensions.swift */,
			);
			path = Extensions;
			sourceTree = "<group>";
		};
		57F6E64621CAC62A00F8FD3E /* Model */ = {
			isa = PBXGroup;
			children = (
				57F6E64721CAC63F00F8FD3E /* Contact.swift */,
				57400D9C21CCCF0A004D77F6 /* Address.swift */,
				57E5F0A921CB53FE00CAB8D0 /* Phone.swift */,
				57E5F0AB21CB547C00CAB8D0 /* Email.swift */,
			);
			path = Model;
			sourceTree = "<group>";
		};
		57F6E64921CAC74D00F8FD3E /* Controllers */ = {
			isa = PBXGroup;
			children = (
				57E1608A21C9829800DB9E8F /* ContactsController.swift */,
				570D4FFD21CC63A4002E12A1 /* ContactInfoController.swift */,
			);
			path = Controllers;
			sourceTree = "<group>";
		};
		5FCB9067EE219FEFD0063612 /* Frameworks */ = {
			isa = PBXGroup;
			children = (
				F84FB1A98AB0698F1A71CDDE /* Pods_CodeTestRobertoHernandez.framework */,
			);
			name = Frameworks;
			sourceTree = "<group>";
		};
		DD9FE7AE37FE50E259C578A5 /* Pods */ = {
			isa = PBXGroup;
			children = (
				EE4BC26EA7FAD63978A879EF /* Pods-CodeTestRobertoHernandez.debug.xcconfig */,
				9F40F622735506E32104469A /* Pods-CodeTestRobertoHernandez.release.xcconfig */,
			);
			name = Pods;
			sourceTree = "<group>";
		};
/* End PBXGroup section */

/* Begin PBXNativeTarget section */
		57E1608421C9829800DB9E8F /* CodeTestRobertoHernandez */ = {
			isa = PBXNativeTarget;
			buildConfigurationList = 57E1609721C9829A00DB9E8F /* Build configuration list for PBXNativeTarget "CodeTestRobertoHernandez" */;
			buildPhases = (
				5FED243C28BF9ABBCBFAF012 /* [CP] Check Pods Manifest.lock */,
				57E1608121C9829800DB9E8F /* Sources */,
				57E1608221C9829800DB9E8F /* Frameworks */,
				57E1608321C9829800DB9E8F /* Resources */,
				778C687769FD2E1CD5608DC9 /* [CP] Embed Pods Frameworks */,
			);
			buildRules = (
			);
			dependencies = (
			);
			name = CodeTestRobertoHernandez;
			productName = CodeTestRobertoHernandez;
			productReference = 57E1608521C9829800DB9E8F /* CodeTestRobertoHernandez.app */;
			productType = "com.apple.product-type.application";
		};
/* End PBXNativeTarget section */

/* Begin PBXProject section */
		57E1607D21C9829800DB9E8F /* Project object */ = {
			isa = PBXProject;
			attributes = {
				LastSwiftUpdateCheck = 1010;
				LastUpgradeCheck = 1010;
				ORGANIZATIONNAME = "Roberto Efrain Hernandez";
				TargetAttributes = {
					57E1608421C9829800DB9E8F = {
						CreatedOnToolsVersion = 10.1;
					};
				};
			};
			buildConfigurationList = 57E1608021C9829800DB9E8F /* Build configuration list for PBXProject "CodeTestRobertoHernandez" */;
			compatibilityVersion = "Xcode 9.3";
			developmentRegion = en;
			hasScannedForEncodings = 0;
			knownRegions = (
				en,
				Base,
			);
			mainGroup = 57E1607C21C9829800DB9E8F;
			productRefGroup = 57E1608621C9829800DB9E8F /* Products */;
			projectDirPath = "";
			projectRoot = "";
			targets = (
				57E1608421C9829800DB9E8F /* CodeTestRobertoHernandez */,
			);
		};
/* End PBXProject section */

/* Begin PBXResourcesBuildPhase section */
		57E1608321C9829800DB9E8F /* Resources */ = {
			isa = PBXResourcesBuildPhase;
			buildActionMask = 2147483647;
			files = (
				57E1609321C9829A00DB9E8F /* LaunchScreen.storyboard in Resources */,
				57E1609021C9829A00DB9E8F /* Assets.xcassets in Resources */,
				57E1608E21C9829800DB9E8F /* Main.storyboard in Resources */,
			);
			runOnlyForDeploymentPostprocessing = 0;
		};
/* End PBXResourcesBuildPhase section */

/* Begin PBXShellScriptBuildPhase section */
		5FED243C28BF9ABBCBFAF012 /* [CP] Check Pods Manifest.lock */ = {
			isa = PBXShellScriptBuildPhase;
			buildActionMask = 2147483647;
			files = (
			);
			inputPaths = (
				"${PODS_PODFILE_DIR_PATH}/Podfile.lock",
				"${PODS_ROOT}/Manifest.lock",
			);
			name = "[CP] Check Pods Manifest.lock";
			outputPaths = (
				"$(DERIVED_FILE_DIR)/Pods-CodeTestRobertoHernandez-checkManifestLockResult.txt",
			);
			runOnlyForDeploymentPostprocessing = 0;
			shellPath = /bin/sh;
			shellScript = "diff \"${PODS_PODFILE_DIR_PATH}/Podfile.lock\" \"${PODS_ROOT}/Manifest.lock\" > /dev/null\nif [ $? != 0 ] ; then\n    # print error to STDERR\n    echo \"error: The sandbox is not in sync with the Podfile.lock. Run 'pod install' or update your CocoaPods installation.\" >&2\n    exit 1\nfi\n# This output is used by Xcode 'outputs' to avoid re-running this script phase.\necho \"SUCCESS\" > \"${SCRIPT_OUTPUT_FILE_0}\"\n";
			showEnvVarsInLog = 0;
		};
		778C687769FD2E1CD5608DC9 /* [CP] Embed Pods Frameworks */ = {
			isa = PBXShellScriptBuildPhase;
			buildActionMask = 2147483647;
			files = (
			);
			inputPaths = (
				"${SRCROOT}/Pods/Target Support Files/Pods-CodeTestRobertoHernandez/Pods-CodeTestRobertoHernandez-frameworks.sh",
				"${BUILT_PRODUCTS_DIR}/ChameleonFramework/ChameleonFramework.framework",
				"${BUILT_PRODUCTS_DIR}/Realm/Realm.framework",
				"${BUILT_PRODUCTS_DIR}/RealmSwift/RealmSwift.framework",
			);
			name = "[CP] Embed Pods Frameworks";
			outputPaths = (
				"${TARGET_BUILD_DIR}/${FRAMEWORKS_FOLDER_PATH}/ChameleonFramework.framework",
				"${TARGET_BUILD_DIR}/${FRAMEWORKS_FOLDER_PATH}/Realm.framework",
				"${TARGET_BUILD_DIR}/${FRAMEWORKS_FOLDER_PATH}/RealmSwift.framework",
			);
			runOnlyForDeploymentPostprocessing = 0;
			shellPath = /bin/sh;
			shellScript = "\"${SRCROOT}/Pods/Target Support Files/Pods-CodeTestRobertoHernandez/Pods-CodeTestRobertoHernandez-frameworks.sh\"\n";
			showEnvVarsInLog = 0;
		};
/* End PBXShellScriptBuildPhase section */

/* Begin PBXSourcesBuildPhase section */
		57E1608121C9829800DB9E8F /* Sources */ = {
			isa = PBXSourcesBuildPhase;
			buildActionMask = 2147483647;
			files = (
				57E5F0A821CB2A4600CAB8D0 /* UIAlertController+Extensions.swift in Sources */,
				57E1609B21C984F000DB9E8F /* UIView+Extensions.swift in Sources */,
				57E5F0AC21CB547C00CAB8D0 /* Email.swift in Sources */,
				57E1608B21C9829800DB9E8F /* ContactsController.swift in Sources */,
				576CA24D21CA324000A64823 /* ContactsCell.swift in Sources */,
				57E1608921C9829800DB9E8F /* AppDelegate.swift in Sources */,
				57400D9D21CCCF0A004D77F6 /* Address.swift in Sources */,
				57400D9F21CCD534004D77F6 /* HeaderLabel.swift in Sources */,
				57400DA121CCE588004D77F6 /* ContactInfoCell.swift in Sources */,
				57F6E64821CAC63F00F8FD3E /* Contact.swift in Sources */,
				570D4FFE21CC63A4002E12A1 /* ContactInfoController.swift in Sources */,
				57E1609F21C9932E00DB9E8F /* UINavigationController+Extensions.swift in Sources */,
				576CA25121CA3E7000A64823 /* ContainerView.swift in Sources */,
				576CA24F21CA3E1200A64823 /* IconImageView.swift in Sources */,
				57E5F0A621CB18AE00CAB8D0 /* AddContactPresenter.swift in Sources */,
				57E5F0AA21CB53FE00CAB8D0 /* Phone.swift in Sources */,
			);
			runOnlyForDeploymentPostprocessing = 0;
		};
/* End PBXSourcesBuildPhase section */

/* Begin PBXVariantGroup section */
		57E1608C21C9829800DB9E8F /* Main.storyboard */ = {
			isa = PBXVariantGroup;
			children = (
				57E1608D21C9829800DB9E8F /* Base */,
			);
			name = Main.storyboard;
			sourceTree = "<group>";
		};
		57E1609121C9829A00DB9E8F /* LaunchScreen.storyboard */ = {
			isa = PBXVariantGroup;
			children = (
				57E1609221C9829A00DB9E8F /* Base */,
			);
			name = LaunchScreen.storyboard;
			sourceTree = "<group>";
		};
/* End PBXVariantGroup section */

/* Begin XCBuildConfiguration section */
		57E1609521C9829A00DB9E8F /* Debug */ = {
			isa = XCBuildConfiguration;
			buildSettings = {
				ALWAYS_SEARCH_USER_PATHS = NO;
				CLANG_ANALYZER_NONNULL = YES;
				CLANG_ANALYZER_NUMBER_OBJECT_CONVERSION = YES_AGGRESSIVE;
				CLANG_CXX_LANGUAGE_STANDARD = "gnu++14";
				CLANG_CXX_LIBRARY = "libc++";
				CLANG_ENABLE_MODULES = YES;
				CLANG_ENABLE_OBJC_ARC = YES;
				CLANG_ENABLE_OBJC_WEAK = YES;
				CLANG_WARN_BLOCK_CAPTURE_AUTORELEASING = YES;
				CLANG_WARN_BOOL_CONVERSION = YES;
				CLANG_WARN_COMMA = YES;
				CLANG_WARN_CONSTANT_CONVERSION = YES;
				CLANG_WARN_DEPRECATED_OBJC_IMPLEMENTATIONS = YES;
				CLANG_WARN_DIRECT_OBJC_ISA_USAGE = YES_ERROR;
				CLANG_WARN_DOCUMENTATION_COMMENTS = YES;
				CLANG_WARN_EMPTY_BODY = YES;
				CLANG_WARN_ENUM_CONVERSION = YES;
				CLANG_WARN_INFINITE_RECURSION = YES;
				CLANG_WARN_INT_CONVERSION = YES;
				CLANG_WARN_NON_LITERAL_NULL_CONVERSION = YES;
				CLANG_WARN_OBJC_IMPLICIT_RETAIN_SELF = YES;
				CLANG_WARN_OBJC_LITERAL_CONVERSION = YES;
				CLANG_WARN_OBJC_ROOT_CLASS = YES_ERROR;
				CLANG_WARN_RANGE_LOOP_ANALYSIS = YES;
				CLANG_WARN_STRICT_PROTOTYPES = YES;
				CLANG_WARN_SUSPICIOUS_MOVE = YES;
				CLANG_WARN_UNGUARDED_AVAILABILITY = YES_AGGRESSIVE;
				CLANG_WARN_UNREACHABLE_CODE = YES;
				CLANG_WARN__DUPLICATE_METHOD_MATCH = YES;
				CODE_SIGN_IDENTITY = "iPhone Developer";
				COPY_PHASE_STRIP = NO;
				DEBUG_INFORMATION_FORMAT = dwarf;
				ENABLE_STRICT_OBJC_MSGSEND = YES;
				ENABLE_TESTABILITY = YES;
				GCC_C_LANGUAGE_STANDARD = gnu11;
				GCC_DYNAMIC_NO_PIC = NO;
				GCC_NO_COMMON_BLOCKS = YES;
				GCC_OPTIMIZATION_LEVEL = 0;
				GCC_PREPROCESSOR_DEFINITIONS = (
					"DEBUG=1",
					"$(inherited)",
				);
				GCC_WARN_64_TO_32_BIT_CONVERSION = YES;
				GCC_WARN_ABOUT_RETURN_TYPE = YES_ERROR;
				GCC_WARN_UNDECLARED_SELECTOR = YES;
				GCC_WARN_UNINITIALIZED_AUTOS = YES_AGGRESSIVE;
				GCC_WARN_UNUSED_FUNCTION = YES;
				GCC_WARN_UNUSED_VARIABLE = YES;
				IPHONEOS_DEPLOYMENT_TARGET = 12.1;
				MTL_ENABLE_DEBUG_INFO = INCLUDE_SOURCE;
				MTL_FAST_MATH = YES;
				ONLY_ACTIVE_ARCH = YES;
				SDKROOT = iphoneos;
				SWIFT_ACTIVE_COMPILATION_CONDITIONS = DEBUG;
				SWIFT_OPTIMIZATION_LEVEL = "-Onone";
			};
			name = Debug;
		};
		57E1609621C9829A00DB9E8F /* Release */ = {
			isa = XCBuildConfiguration;
			buildSettings = {
				ALWAYS_SEARCH_USER_PATHS = NO;
				CLANG_ANALYZER_NONNULL = YES;
				CLANG_ANALYZER_NUMBER_OBJECT_CONVERSION = YES_AGGRESSIVE;
				CLANG_CXX_LANGUAGE_STANDARD = "gnu++14";
				CLANG_CXX_LIBRARY = "libc++";
				CLANG_ENABLE_MODULES = YES;
				CLANG_ENABLE_OBJC_ARC = YES;
				CLANG_ENABLE_OBJC_WEAK = YES;
				CLANG_WARN_BLOCK_CAPTURE_AUTORELEASING = YES;
				CLANG_WARN_BOOL_CONVERSION = YES;
				CLANG_WARN_COMMA = YES;
				CLANG_WARN_CONSTANT_CONVERSION = YES;
				CLANG_WARN_DEPRECATED_OBJC_IMPLEMENTATIONS = YES;
				CLANG_WARN_DIRECT_OBJC_ISA_USAGE = YES_ERROR;
				CLANG_WARN_DOCUMENTATION_COMMENTS = YES;
				CLANG_WARN_EMPTY_BODY = YES;
				CLANG_WARN_ENUM_CONVERSION = YES;
				CLANG_WARN_INFINITE_RECURSION = YES;
				CLANG_WARN_INT_CONVERSION = YES;
				CLANG_WARN_NON_LITERAL_NULL_CONVERSION = YES;
				CLANG_WARN_OBJC_IMPLICIT_RETAIN_SELF = YES;
				CLANG_WARN_OBJC_LITERAL_CONVERSION = YES;
				CLANG_WARN_OBJC_ROOT_CLASS = YES_ERROR;
				CLANG_WARN_RANGE_LOOP_ANALYSIS = YES;
				CLANG_WARN_STRICT_PROTOTYPES = YES;
				CLANG_WARN_SUSPICIOUS_MOVE = YES;
				CLANG_WARN_UNGUARDED_AVAILABILITY = YES_AGGRESSIVE;
				CLANG_WARN_UNREACHABLE_CODE = YES;
				CLANG_WARN__DUPLICATE_METHOD_MATCH = YES;
				CODE_SIGN_IDENTITY = "iPhone Developer";
				COPY_PHASE_STRIP = NO;
				DEBUG_INFORMATION_FORMAT = "dwarf-with-dsym";
				ENABLE_NS_ASSERTIONS = NO;
				ENABLE_STRICT_OBJC_MSGSEND = YES;
				GCC_C_LANGUAGE_STANDARD = gnu11;
				GCC_NO_COMMON_BLOCKS = YES;
				GCC_WARN_64_TO_32_BIT_CONVERSION = YES;
				GCC_WARN_ABOUT_RETURN_TYPE = YES_ERROR;
				GCC_WARN_UNDECLARED_SELECTOR = YES;
				GCC_WARN_UNINITIALIZED_AUTOS = YES_AGGRESSIVE;
				GCC_WARN_UNUSED_FUNCTION = YES;
				GCC_WARN_UNUSED_VARIABLE = YES;
				IPHONEOS_DEPLOYMENT_TARGET = 12.1;
				MTL_ENABLE_DEBUG_INFO = NO;
				MTL_FAST_MATH = YES;
				SDKROOT = iphoneos;
				SWIFT_COMPILATION_MODE = wholemodule;
				SWIFT_OPTIMIZATION_LEVEL = "-O";
				VALIDATE_PRODUCT = YES;
			};
			name = Release;
		};
		57E1609821C9829A00DB9E8F /* Debug */ = {
			isa = XCBuildConfiguration;
			baseConfigurationReference = EE4BC26EA7FAD63978A879EF /* Pods-CodeTestRobertoHernandez.debug.xcconfig */;
			buildSettings = {
				ASSETCATALOG_COMPILER_APPICON_NAME = AppIcon;
				CODE_SIGN_STYLE = Automatic;
				DEVELOPMENT_TEAM = W465KZUJR6;
				INFOPLIST_FILE = CodeTestRobertoHernandez/Info.plist;
				LD_RUNPATH_SEARCH_PATHS = (
					"$(inherited)",
					"@executable_path/Frameworks",
				);
				PRODUCT_BUNDLE_IDENTIFIER = com.RobertoEfrainHernandez.CodeTestRobertoHernandez;
				PRODUCT_NAME = "$(TARGET_NAME)";
				SWIFT_VERSION = 4.2;
				TARGETED_DEVICE_FAMILY = "1,2";
			};
			name = Debug;
		};
		57E1609921C9829A00DB9E8F /* Release */ = {
			isa = XCBuildConfiguration;
			baseConfigurationReference = 9F40F622735506E32104469A /* Pods-CodeTestRobertoHernandez.release.xcconfig */;
			buildSettings = {
				ASSETCATALOG_COMPILER_APPICON_NAME = AppIcon;
				CODE_SIGN_STYLE = Automatic;
				DEVELOPMENT_TEAM = W465KZUJR6;
				INFOPLIST_FILE = CodeTestRobertoHernandez/Info.plist;
				LD_RUNPATH_SEARCH_PATHS = (
					"$(inherited)",
					"@executable_path/Frameworks",
				);
				PRODUCT_BUNDLE_IDENTIFIER = com.RobertoEfrainHernandez.CodeTestRobertoHernandez;
				PRODUCT_NAME = "$(TARGET_NAME)";
				SWIFT_VERSION = 4.2;
				TARGETED_DEVICE_FAMILY = "1,2";
			};
			name = Release;
		};
/* End XCBuildConfiguration section */

/* Begin XCConfigurationList section */
		57E1608021C9829800DB9E8F /* Build configuration list for PBXProject "CodeTestRobertoHernandez" */ = {
			isa = XCConfigurationList;
			buildConfigurations = (
				57E1609521C9829A00DB9E8F /* Debug */,
				57E1609621C9829A00DB9E8F /* Release */,
			);
			defaultConfigurationIsVisible = 0;
			defaultConfigurationName = Release;
		};
		57E1609721C9829A00DB9E8F /* Build configuration list for PBXNativeTarget "CodeTestRobertoHernandez" */ = {
			isa = XCConfigurationList;
			buildConfigurations = (
				57E1609821C9829A00DB9E8F /* Debug */,
				57E1609921C9829A00DB9E8F /* Release */,
			);
			defaultConfigurationIsVisible = 0;
			defaultConfigurationName = Release;
		};
/* End XCConfigurationList section */
	};
	rootObject = 57E1607D21C9829800DB9E8F /* Project object */;
}
